
Microsoft Visual Studio Solution File, Format Version 12.00
# Visual Studio Version 17
VisualStudioVersion = 17.1.32228.430
MinimumVisualStudioVersion = 10.0.40219.1
Project("{2150E333-8FDC-42A3-9474-1A3956D46DE8}") = "Core", "Core", "{C1D752F6-62D1-4C13-87C0-9AEA23FA37EC}"
EndProject
Project("{9A19103F-16F7-4668-BE54-9A1E7A4F7556}") = "RickAndMorty.Core.Domain", "RickAndMorty.Core.Domain\RickAndMorty.Core.Domain.csproj", "{BB6AE9F6-A6AA-4672-AAF8-ED9A0A759299}"
EndProject
Project("{9A19103F-16F7-4668-BE54-9A1E7A4F7556}") = "RickAndMorty.Core.Integration", "RickAndMorty.Integration\RickAndMorty.Core.Integration.csproj", "{3249EA2B-3A70-4AFD-A964-274684C701A3}"
EndProject
Project("{9A19103F-16F7-4668-BE54-9A1E7A4F7556}") = "RickAndMorty.Etl", "RickAndMorty.Etl\RickAndMorty.Etl.csproj", "{DD79ADA9-32E7-4001-9726-D16DEB267A04}"
EndProject
Project("{9A19103F-16F7-4668-BE54-9A1E7A4F7556}") = "RickAndMorty.Core.Services", "RickAndMorty.Core.Services\RickAndMorty.Core.Services.csproj", "{95EAE2C6-F038-410A-99BE-E575A23F13B7}"
EndProject
Project("{9A19103F-16F7-4668-BE54-9A1E7A4F7556}") = "RickAndMorty.Core.Data", "RickAndMorty.Core.Data\RickAndMorty.Core.Data.csproj", "{76033AB4-3F3A-4529-B417-99947AD69A42}"
EndProject
Project("{FAE04EC0-301F-11D3-BF4B-00C04F79EFBC}") = "RickAndMorty.Api", "RickAndMorty.Api\RickAndMorty.Api.csproj", "{B019A04F-B86B-4BD4-B9D3-CAD9AF95E36F}"
EndProject
Project("{FAE04EC0-301F-11D3-BF4B-00C04F79EFBC}") = "RickAndMorty.Tests", "RickAndMorty.Tests\RickAndMorty.Tests.csproj", "{FCDB994E-024A-4E7F-8286-298ADC3658A6}"
EndProject
Global
	GlobalSection(SolutionConfigurationPlatforms) = preSolution
		Debug|Any CPU = Debug|Any CPU
		Release|Any CPU = Release|Any CPU
	EndGlobalSection
	GlobalSection(ProjectConfigurationPlatforms) = postSolution
		{BB6AE9F6-A6AA-4672-AAF8-ED9A0A759299}.Debug|Any CPU.ActiveCfg = Debug|Any CPU
		{BB6AE9F6-A6AA-4672-AAF8-ED9A0A759299}.Debug|Any CPU.Build.0 = Debug|Any CPU
		{BB6AE9F6-A6AA-4672-AAF8-ED9A0A759299}.Release|Any CPU.ActiveCfg = Release|Any CPU
		{BB6AE9F6-A6AA-4672-AAF8-ED9A0A759299}.Release|Any CPU.Build.0 = Release|Any CPU
		{3249EA2B-3A70-4AFD-A964-274684C701A3}.Debug|Any CPU.ActiveCfg = Debug|Any CPU
		{3249EA2B-3A70-4AFD-A964-274684C701A3}.Debug|Any CPU.Build.0 = Debug|Any CPU
		{3249EA2B-3A70-4AFD-A964-274684C701A3}.Release|Any CPU.ActiveCfg = Release|Any CPU
		{3249EA2B-3A70-4AFD-A964-274684C701A3}.Release|Any CPU.Build.0 = Release|Any CPU
		{DD79ADA9-32E7-4001-9726-D16DEB267A04}.Debug|Any CPU.ActiveCfg = Debug|Any CPU
		{DD79ADA9-32E7-4001-9726-D16DEB267A04}.Debug|Any CPU.Build.0 = Debug|Any CPU
		{DD79ADA9-32E7-4001-9726-D16DEB267A04}.Release|Any CPU.ActiveCfg = Release|Any CPU
		{DD79ADA9-32E7-4001-9726-D16DEB267A04}.Release|Any CPU.Build.0 = Release|Any CPU
		{95EAE2C6-F038-410A-99BE-E575A23F13B7}.Debug|Any CPU.ActiveCfg = Debug|Any CPU
		{95EAE2C6-F038-410A-99BE-E575A23F13B7}.Debug|Any CPU.Build.0 = Debug|Any CPU
		{95EAE2C6-F038-410A-99BE-E575A23F13B7}.Release|Any CPU.ActiveCfg = Release|Any CPU
		{95EAE2C6-F038-410A-99BE-E575A23F13B7}.Release|Any CPU.Build.0 = Release|Any CPU
		{76033AB4-3F3A-4529-B417-99947AD69A42}.Debug|Any CPU.ActiveCfg = Debug|Any CPU
		{76033AB4-3F3A-4529-B417-99947AD69A42}.Debug|Any CPU.Build.0 = Debug|Any CPU
		{76033AB4-3F3A-4529-B417-99947AD69A42}.Release|Any CPU.ActiveCfg = Release|Any CPU
		{76033AB4-3F3A-4529-B417-99947AD69A42}.Release|Any CPU.Build.0 = Release|Any CPU
		{B019A04F-B86B-4BD4-B9D3-CAD9AF95E36F}.Debug|Any CPU.ActiveCfg = Debug|Any CPU
		{B019A04F-B86B-4BD4-B9D3-CAD9AF95E36F}.Debug|Any CPU.Build.0 = Debug|Any CPU
		{B019A04F-B86B-4BD4-B9D3-CAD9AF95E36F}.Release|Any CPU.ActiveCfg = Release|Any CPU
		{B019A04F-B86B-4BD4-B9D3-CAD9AF95E36F}.Release|Any CPU.Build.0 = Release|Any CPU
		{FCDB994E-024A-4E7F-8286-298ADC3658A6}.Debug|Any CPU.ActiveCfg = Debug|Any CPU
		{FCDB994E-024A-4E7F-8286-298ADC3658A6}.Debug|Any CPU.Build.0 = Debug|Any CPU
		{FCDB994E-024A-4E7F-8286-298ADC3658A6}.Release|Any CPU.ActiveCfg = Release|Any CPU
		{FCDB994E-024A-4E7F-8286-298ADC3658A6}.Release|Any CPU.Build.0 = Release|Any CPU
	EndGlobalSection
	GlobalSection(SolutionProperties) = preSolution
		HideSolutionNode = FALSE
	EndGlobalSection
	GlobalSection(NestedProjects) = preSolution
		{BB6AE9F6-A6AA-4672-AAF8-ED9A0A759299} = {C1D752F6-62D1-4C13-87C0-9AEA23FA37EC}
		{3249EA2B-3A70-4AFD-A964-274684C701A3} = {C1D752F6-62D1-4C13-87C0-9AEA23FA37EC}
		{95EAE2C6-F038-410A-99BE-E575A23F13B7} = {C1D752F6-62D1-4C13-87C0-9AEA23FA37EC}
		{76033AB4-3F3A-4529-B417-99947AD69A42} = {C1D752F6-62D1-4C13-87C0-9AEA23FA37EC}
	EndGlobalSection
	GlobalSection(ExtensibilityGlobals) = postSolution
		SolutionGuid = {5B5992EB-6E91-4CB6-BFE0-75383B397DD7}
	EndGlobalSection
EndGlobal
